
Microsoft Visual Studio Solution File, Format Version 12.00
# Visual Studio Version 17
VisualStudioVersion = 17.6.33829.357
MinimumVisualStudioVersion = 10.0.40219.1
Project("{FAE04EC0-301F-11D3-BF4B-00C04F79EFBC}") = "lab4_10_4", "lab4_10_4\lab4_10_4.csproj", "{C39CE419-B83E-4314-8E64-C67035BE13FA}"
EndProject
Global
	GlobalSection(SolutionConfigurationPlatforms) = preSolution
		Debug|Any CPU = Debug|Any CPU
		Release|Any CPU = Release|Any CPU
	EndGlobalSection
	GlobalSection(ProjectConfigurationPlatforms) = postSolution
		{C39CE419-B83E-4314-8E64-C67035BE13FA}.Debug|Any CPU.ActiveCfg = Debug|Any CPU
		{C39CE419-B83E-4314-8E64-C67035BE13FA}.Debug|Any CPU.Build.0 = Debug|Any CPU
		{C39CE419-B83E-4314-8E64-C67035BE13FA}.Release|Any CPU.ActiveCfg = Release|Any CPU
		{C39CE419-B83E-4314-8E64-C67035BE13FA}.Release|Any CPU.Build.0 = Release|Any CPU
	EndGlobalSection
	GlobalSection(SolutionProperties) = preSolution
		HideSolutionNode = FALSE
	EndGlobalSection
	GlobalSection(ExtensibilityGlobals) = postSolution
		SolutionGuid = {C9618458-5646-4706-97E3-A6171B770AAA}
	EndGlobalSection
EndGlobal
